# This file is automatically @generated by Poetry 1.7.0 and should not be changed by hand.

[[package]]
name = "a"
version = "1.0"
description = "Python Distribution Utilities"
optional = false
python-versions = "*"
files = [
    {file = "a-1.0.tar.gz", hash = "sha256:ac14dc3a69f5746f06fd72fd2f2dace84bc07247182b3b117eaaa14dfd5fb0cd"},
]

[metadata]
lock-version = "2.0"
python-versions = "^3.11"
content-hash = "09597112e3934987de0786f26089e85650c3741893f64cfe836455adc9f556a5"
